
Microsoft Visual Studio Solution File, Format Version 12.00
# Visual Studio 15
VisualStudioVersion = 15.0.26403.7
MinimumVisualStudioVersion = 10.0.40219.1
Project("{FAE04EC0-301F-11D3-BF4B-00C04F79EFBC}") = "GeneticAlgorithmFrameworkConsole", "GeneticAlgorithmFramework\GeneticAlgorithmFrameworkConsole.csproj", "{BBE832DB-2EB6-484F-9074-A14AA2237AD8}"
EndProject
Project("{FAE04EC0-301F-11D3-BF4B-00C04F79EFBC}") = "GeneticAlgorithm", "GeneticAlgorithm\GeneticAlgorithm.csproj", "{4DBEFE98-0DBF-4667-A15D-A5C449F912E3}"
EndProject
Project("{FAE04EC0-301F-11D3-BF4B-00C04F79EFBC}") = "InfraStructures", "InfraStructures\InfraStructures.csproj", "{225A169A-9938-4577-8D8F-C1B465DE3039}"
EndProject
Project("{9A19103F-16F7-4668-BE54-9A1E7A4F7556}") = "GeneticAlgorithmFrameworkTest", "GeneticAlgorithmFrameworkTest\GeneticAlgorithmFrameworkTest.csproj", "{3436616A-5F99-4054-BCB1-ECA097C8DFB2}"
EndProject
Global
	GlobalSection(SolutionConfigurationPlatforms) = preSolution
		Debug|Any CPU = Debug|Any CPU
		Release|Any CPU = Release|Any CPU
	EndGlobalSection
	GlobalSection(ProjectConfigurationPlatforms) = postSolution
		{BBE832DB-2EB6-484F-9074-A14AA2237AD8}.Debug|Any CPU.ActiveCfg = Debug|Any CPU
		{BBE832DB-2EB6-484F-9074-A14AA2237AD8}.Debug|Any CPU.Build.0 = Debug|Any CPU
		{BBE832DB-2EB6-484F-9074-A14AA2237AD8}.Release|Any CPU.ActiveCfg = Release|Any CPU
		{BBE832DB-2EB6-484F-9074-A14AA2237AD8}.Release|Any CPU.Build.0 = Release|Any CPU
		{4DBEFE98-0DBF-4667-A15D-A5C449F912E3}.Debug|Any CPU.ActiveCfg = Debug|Any CPU
		{4DBEFE98-0DBF-4667-A15D-A5C449F912E3}.Debug|Any CPU.Build.0 = Debug|Any CPU
		{4DBEFE98-0DBF-4667-A15D-A5C449F912E3}.Release|Any CPU.ActiveCfg = Release|Any CPU
		{4DBEFE98-0DBF-4667-A15D-A5C449F912E3}.Release|Any CPU.Build.0 = Release|Any CPU
		{225A169A-9938-4577-8D8F-C1B465DE3039}.Debug|Any CPU.ActiveCfg = Debug|Any CPU
		{225A169A-9938-4577-8D8F-C1B465DE3039}.Debug|Any CPU.Build.0 = Debug|Any CPU
		{225A169A-9938-4577-8D8F-C1B465DE3039}.Release|Any CPU.ActiveCfg = Release|Any CPU
		{225A169A-9938-4577-8D8F-C1B465DE3039}.Release|Any CPU.Build.0 = Release|Any CPU
		{3436616A-5F99-4054-BCB1-ECA097C8DFB2}.Debug|Any CPU.ActiveCfg = Debug|Any CPU
		{3436616A-5F99-4054-BCB1-ECA097C8DFB2}.Debug|Any CPU.Build.0 = Debug|Any CPU
		{3436616A-5F99-4054-BCB1-ECA097C8DFB2}.Release|Any CPU.ActiveCfg = Release|Any CPU
		{3436616A-5F99-4054-BCB1-ECA097C8DFB2}.Release|Any CPU.Build.0 = Release|Any CPU
	EndGlobalSection
	GlobalSection(SolutionProperties) = preSolution
		HideSolutionNode = FALSE
	EndGlobalSection
EndGlobal
